{
  "name": "4.9",
  "lockfileVersion": 2,
  "requires": true,
  "packages": {
    "": {
      "dependencies": {
        "types-registry": "^0.1.623"
      },
      "devDependencies": {
        "@types/xml": "^1.0.8"
      }
    },
    "node_modules/@types/node": {
      "version": "18.11.17",
      "resolved": "https://registry.npmjs.org/@types/node/-/node-18.11.17.tgz",
      "integrity": "sha512-HJSUJmni4BeDHhfzn6nF0sVmd1SMezP7/4F0Lq+aXzmp2xm9O7WXrUtHW/CHlYVtZUbByEvWidHqRtcJXGF2Ng==",
      "dev": true
    },
    "node_modules/@types/xml": {
      "version": "1.0.8",
      "resolved": "https://registry.npmjs.org/@types/xml/-/xml-1.0.8.tgz",
      "integrity": "sha512-IptEZBtDwSPayCP8FmbordhAdjdxsif4zH29xTbBRacZeCHFHZp8OxyG1/CrS8AS0MziJUPTGWCTKbYtvHGYPg==",
      "dev": true,
      "dependencies": {
        "@types/node": "*"
      }
    },
    "node_modules/types-registry": {
      "version": "0.1.623",
      "resolved": "https://registry.npmjs.org/types-registry/-/types-registry-0.1.623.tgz",
      "integrity": "sha512-xs6ysBBlK39ExuYMvkmyrTGmsJUtTiE/swLg8o3ZhJF41lCF7vDBAZ+bn2nCR+12iV5Xge6MGu+v9q7nHvi1IQ=="
    }
  },
  "dependencies": {
    "@types/node": {
      "version": "18.11.17",
      "resolved": "https://registry.npmjs.org/@types/node/-/node-18.11.17.tgz",
      "integrity": "sha512-HJSUJmni4BeDHhfzn6nF0sVmd1SMezP7/4F0Lq+aXzmp2xm9O7WXrUtHW/CHlYVtZUbByEvWidHqRtcJXGF2Ng==",
      "dev": true
    },
    "@types/xml": {
      "version": "1.0.8",
      "resolved": "https://registry.npmjs.org/@types/xml/-/xml-1.0.8.tgz",
      "integrity": "sha512-IptEZBtDwSPayCP8FmbordhAdjdxsif4zH29xTbBRacZeCHFHZp8OxyG1/CrS8AS0MziJUPTGWCTKbYtvHGYPg==",
      "dev": true,
      "requires": {
        "@types/node": "*"
      }
    },
    "types-registry": {
      "version": "0.1.623",
      "resolved": "https://registry.npmjs.org/types-registry/-/types-registry-0.1.623.tgz",
      "integrity": "sha512-xs6ysBBlK39ExuYMvkmyrTGmsJUtTiE/swLg8o3ZhJF41lCF7vDBAZ+bn2nCR+12iV5Xge6MGu+v9q7nHvi1IQ=="
    }
  }
}
